
Microsoft Visual Studio Solution File, Format Version 12.00
# Visual Studio Version 17
VisualStudioVersion = 17.2.32602.215
MinimumVisualStudioVersion = 10.0.40219.1
Project("{2150E333-8FDC-42A3-9474-1A3956D46DE8}") = "01. Clients", "01. Clients", "{5FC4A130-FF6C-4136-8DA9-17CA1997FD1A}"
EndProject
Project("{2150E333-8FDC-42A3-9474-1A3956D46DE8}") = "02. API.Gateways", "02. API.Gateways", "{8491111A-D675-4E03-AB73-9B223B54ABE2}"
EndProject
Project("{2150E333-8FDC-42A3-9474-1A3956D46DE8}") = "03. Services", "03. Services", "{97D08A4D-3324-47B3-8AFF-1F9E7FE7A7C2}"
EndProject
Project("{2150E333-8FDC-42A3-9474-1A3956D46DE8}") = "01. Identity", "01. Identity", "{7577A016-F3DF-47A7-BA18-2CCAE85C9EA2}"
EndProject
Project("{2150E333-8FDC-42A3-9474-1A3956D46DE8}") = "02. Catalog", "02. Catalog", "{79F5A889-C792-4723-8674-6BB97743BE5B}"
EndProject
Project("{2150E333-8FDC-42A3-9474-1A3956D46DE8}") = "03. Customer", "03. Customer", "{7C239A34-E7FC-4A30-B658-CF8BD2531FA7}"
EndProject
Project("{2150E333-8FDC-42A3-9474-1A3956D46DE8}") = "04. Order", "04. Order", "{6AAEB14A-0DB0-4A64-95A4-C70AA587C2E1}"
EndProject
Project("{FAE04EC0-301F-11D3-BF4B-00C04F79EFBC}") = "Catalog.API", "src\Services\Catalog\Catalog.API\Catalog.API.csproj", "{1A97E7AC-F99F-4A7A-9AB9-746FB03F995E}"
EndProject
Project("{2150E333-8FDC-42A3-9474-1A3956D46DE8}") = "01. API", "01. API", "{3BCB2FA9-3E9D-4422-817C-638FFBBCDA71}"
EndProject
Project("{2150E333-8FDC-42A3-9474-1A3956D46DE8}") = "02. Services", "02. Services", "{1C939140-2D96-4A94-8C20-609C26C00672}"
EndProject
Project("{2150E333-8FDC-42A3-9474-1A3956D46DE8}") = "03. Persistence", "03. Persistence", "{7160ED5B-9FCF-4874-ABC0-7EF2086B715A}"
EndProject
Project("{2150E333-8FDC-42A3-9474-1A3956D46DE8}") = "04. Models", "04. Models", "{915D0359-B7A1-4BB4-986B-D38A055AC0F0}"
EndProject
Project("{FAE04EC0-301F-11D3-BF4B-00C04F79EFBC}") = "Catalog.Domain", "src\Services\Catalog\Catalog.Domain\Catalog.Domain.csproj", "{E4AE3BDA-CDA8-42B5-93A3-281CB5EC81EF}"
EndProject
Global
	GlobalSection(SolutionConfigurationPlatforms) = preSolution
		Debug|Any CPU = Debug|Any CPU
		Release|Any CPU = Release|Any CPU
	EndGlobalSection
	GlobalSection(ProjectConfigurationPlatforms) = postSolution
		{1A97E7AC-F99F-4A7A-9AB9-746FB03F995E}.Debug|Any CPU.ActiveCfg = Debug|Any CPU
		{1A97E7AC-F99F-4A7A-9AB9-746FB03F995E}.Debug|Any CPU.Build.0 = Debug|Any CPU
		{1A97E7AC-F99F-4A7A-9AB9-746FB03F995E}.Release|Any CPU.ActiveCfg = Release|Any CPU
		{1A97E7AC-F99F-4A7A-9AB9-746FB03F995E}.Release|Any CPU.Build.0 = Release|Any CPU
		{E4AE3BDA-CDA8-42B5-93A3-281CB5EC81EF}.Debug|Any CPU.ActiveCfg = Debug|Any CPU
		{E4AE3BDA-CDA8-42B5-93A3-281CB5EC81EF}.Debug|Any CPU.Build.0 = Debug|Any CPU
		{E4AE3BDA-CDA8-42B5-93A3-281CB5EC81EF}.Release|Any CPU.ActiveCfg = Release|Any CPU
		{E4AE3BDA-CDA8-42B5-93A3-281CB5EC81EF}.Release|Any CPU.Build.0 = Release|Any CPU
	EndGlobalSection
	GlobalSection(SolutionProperties) = preSolution
		HideSolutionNode = FALSE
	EndGlobalSection
	GlobalSection(NestedProjects) = preSolution
		{7577A016-F3DF-47A7-BA18-2CCAE85C9EA2} = {97D08A4D-3324-47B3-8AFF-1F9E7FE7A7C2}
		{79F5A889-C792-4723-8674-6BB97743BE5B} = {97D08A4D-3324-47B3-8AFF-1F9E7FE7A7C2}
		{7C239A34-E7FC-4A30-B658-CF8BD2531FA7} = {97D08A4D-3324-47B3-8AFF-1F9E7FE7A7C2}
		{6AAEB14A-0DB0-4A64-95A4-C70AA587C2E1} = {97D08A4D-3324-47B3-8AFF-1F9E7FE7A7C2}
		{1A97E7AC-F99F-4A7A-9AB9-746FB03F995E} = {3BCB2FA9-3E9D-4422-817C-638FFBBCDA71}
		{3BCB2FA9-3E9D-4422-817C-638FFBBCDA71} = {79F5A889-C792-4723-8674-6BB97743BE5B}
		{1C939140-2D96-4A94-8C20-609C26C00672} = {79F5A889-C792-4723-8674-6BB97743BE5B}
		{7160ED5B-9FCF-4874-ABC0-7EF2086B715A} = {79F5A889-C792-4723-8674-6BB97743BE5B}
		{915D0359-B7A1-4BB4-986B-D38A055AC0F0} = {79F5A889-C792-4723-8674-6BB97743BE5B}
		{E4AE3BDA-CDA8-42B5-93A3-281CB5EC81EF} = {915D0359-B7A1-4BB4-986B-D38A055AC0F0}
	EndGlobalSection
	GlobalSection(ExtensibilityGlobals) = postSolution
		SolutionGuid = {CFFEB2FB-DBB4-414F-B0A1-45ED15310933}
	EndGlobalSection
EndGlobal
